// !$*UTF8*$!
{
	archiveVersion = 1;
	classes = {
	};
	objectVersion = 56;
	objects = {

/* Begin PBXBuildFile section */
		5BCF7864293B955C00F8521E /* WebRTC_Demo_SwiftUIApp.swift in Sources */ = {isa = PBXBuildFile; fileRef = 5BCF7863293B955C00F8521E /* WebRTC_Demo_SwiftUIApp.swift */; };
		5BCF7866293B955C00F8521E /* ContentView.swift in Sources */ = {isa = PBXBuildFile; fileRef = 5BCF7865293B955C00F8521E /* ContentView.swift */; };
		5BCF7868293B955D00F8521E /* Assets.xcassets in Resources */ = {isa = PBXBuildFile; fileRef = 5BCF7867293B955D00F8521E /* Assets.xcassets */; };
		5BCF786B293B955D00F8521E /* Preview Assets.xcassets in Resources */ = {isa = PBXBuildFile; fileRef = 5BCF786A293B955D00F8521E /* Preview Assets.xcassets */; };
		5BCF7872293B960200F8521E /* WebSocket.swift in Sources */ = {isa = PBXBuildFile; fileRef = 5BCF7871293B960200F8521E /* WebSocket.swift */; };
		5BCF7875293B96D400F8521E /* WebRTC in Frameworks */ = {isa = PBXBuildFile; productRef = 5BCF7874293B96D400F8521E /* WebRTC */; };
		5BCF7877293B96F400F8521E /* SignalingClient.swift in Sources */ = {isa = PBXBuildFile; fileRef = 5BCF7876293B96F400F8521E /* SignalingClient.swift */; };
		5BCF7879293B975B00F8521E /* Message.swift in Sources */ = {isa = PBXBuildFile; fileRef = 5BCF7878293B975B00F8521E /* Message.swift */; };
		5BCF787B293B979100F8521E /* RTCStates.swift in Sources */ = {isa = PBXBuildFile; fileRef = 5BCF787A293B979100F8521E /* RTCStates.swift */; };
		5BCF787D293B97B000F8521E /* SessionDescription.swift in Sources */ = {isa = PBXBuildFile; fileRef = 5BCF787C293B97B000F8521E /* SessionDescription.swift */; };
		5BCF787F293B97D100F8521E /* IceCandidate.swift in Sources */ = {isa = PBXBuildFile; fileRef = 5BCF787E293B97D100F8521E /* IceCandidate.swift */; };
		5BCF7881293B988500F8521E /* WebRTCClient.swift in Sources */ = {isa = PBXBuildFile; fileRef = 5BCF7880293B988500F8521E /* WebRTCClient.swift */; };
		5BCF7883293B997000F8521E /* Config.swift in Sources */ = {isa = PBXBuildFile; fileRef = 5BCF7882293B997000F8521E /* Config.swift */; };
		5BCF7885293B9C8A00F8521E /* ConnectionModel.swift in Sources */ = {isa = PBXBuildFile; fileRef = 5BCF7884293B9C8A00F8521E /* ConnectionModel.swift */; };
		5BCF7889293BB12800F8521E /* RendererView.swift in Sources */ = {isa = PBXBuildFile; fileRef = 5BCF7888293BB12800F8521E /* RendererView.swift */; };
		5BCF788B293BBCEF00F8521E /* VideoView.swift in Sources */ = {isa = PBXBuildFile; fileRef = 5BCF788A293BBCEF00F8521E /* VideoView.swift */; };
/* End PBXBuildFile section */

/* Begin PBXFileReference section */
		5BCF7860293B955C00F8521E /* WebRTC-Demo-SwiftUI.app */ = {isa = PBXFileReference; explicitFileType = wrapper.application; includeInIndex = 0; path = "WebRTC-Demo-SwiftUI.app"; sourceTree = BUILT_PRODUCTS_DIR; };
		5BCF7863293B955C00F8521E /* WebRTC_Demo_SwiftUIApp.swift */ = {isa = PBXFileReference; lastKnownFileType = sourcecode.swift; path = WebRTC_Demo_SwiftUIApp.swift; sourceTree = "<group>"; };
		5BCF7865293B955C00F8521E /* ContentView.swift */ = {isa = PBXFileReference; lastKnownFileType = sourcecode.swift; path = ContentView.swift; sourceTree = "<group>"; };
		5BCF7867293B955D00F8521E /* Assets.xcassets */ = {isa = PBXFileReference; lastKnownFileType = folder.assetcatalog; path = Assets.xcassets; sourceTree = "<group>"; };
		5BCF786A293B955D00F8521E /* Preview Assets.xcassets */ = {isa = PBXFileReference; lastKnownFileType = folder.assetcatalog; path = "Preview Assets.xcassets"; sourceTree = "<group>"; };
		5BCF7871293B960200F8521E /* WebSocket.swift */ = {isa = PBXFileReference; lastKnownFileType = sourcecode.swift; path = WebSocket.swift; sourceTree = "<group>"; };
		5BCF7876293B96F400F8521E /* SignalingClient.swift */ = {isa = PBXFileReference; lastKnownFileType = sourcecode.swift; path = SignalingClient.swift; sourceTree = "<group>"; };
		5BCF7878293B975B00F8521E /* Message.swift */ = {isa = PBXFileReference; lastKnownFileType = sourcecode.swift; path = Message.swift; sourceTree = "<group>"; };
		5BCF787A293B979100F8521E /* RTCStates.swift */ = {isa = PBXFileReference; lastKnownFileType = sourcecode.swift; path = RTCStates.swift; sourceTree = "<group>"; };
		5BCF787C293B97B000F8521E /* SessionDescription.swift */ = {isa = PBXFileReference; lastKnownFileType = sourcecode.swift; path = SessionDescription.swift; sourceTree = "<group>"; };
		5BCF787E293B97D100F8521E /* IceCandidate.swift */ = {isa = PBXFileReference; lastKnownFileType = sourcecode.swift; path = IceCandidate.swift; sourceTree = "<group>"; };
		5BCF7880293B988500F8521E /* WebRTCClient.swift */ = {isa = PBXFileReference; lastKnownFileType = sourcecode.swift; path = WebRTCClient.swift; sourceTree = "<group>"; };
		5BCF7882293B997000F8521E /* Config.swift */ = {isa = PBXFileReference; lastKnownFileType = sourcecode.swift; path = Config.swift; sourceTree = "<group>"; };
		5BCF7884293B9C8A00F8521E /* ConnectionModel.swift */ = {isa = PBXFileReference; lastKnownFileType = sourcecode.swift; path = ConnectionModel.swift; sourceTree = "<group>"; };
		5BCF7888293BB12800F8521E /* RendererView.swift */ = {isa = PBXFileReference; lastKnownFileType = sourcecode.swift; path = RendererView.swift; sourceTree = "<group>"; };
		5BCF788A293BBCEF00F8521E /* VideoView.swift */ = {isa = PBXFileReference; lastKnownFileType = sourcecode.swift; path = VideoView.swift; sourceTree = "<group>"; };
/* End PBXFileReference section */

/* Begin PBXFrameworksBuildPhase section */
		5BCF785D293B955C00F8521E /* Frameworks */ = {
			isa = PBXFrameworksBuildPhase;
			buildActionMask = 2147483647;
			files = (
				5BCF7875293B96D400F8521E /* WebRTC in Frameworks */,
			);
			runOnlyForDeploymentPostprocessing = 0;
		};
/* End PBXFrameworksBuildPhase section */

/* Begin PBXGroup section */
		5BCF7857293B955C00F8521E = {
			isa = PBXGroup;
			children = (
				5BCF7862293B955C00F8521E /* WebRTC-Demo-SwiftUI */,
				5BCF7861293B955C00F8521E /* Products */,
			);
			sourceTree = "<group>";
		};
		5BCF7861293B955C00F8521E /* Products */ = {
			isa = PBXGroup;
			children = (
				5BCF7860293B955C00F8521E /* WebRTC-Demo-SwiftUI.app */,
			);
			name = Products;
			sourceTree = "<group>";
		};
		5BCF7862293B955C00F8521E /* WebRTC-Demo-SwiftUI */ = {
			isa = PBXGroup;
			children = (
				5BCF7863293B955C00F8521E /* WebRTC_Demo_SwiftUIApp.swift */,
				5BCF7882293B997000F8521E /* Config.swift */,
				5BCF78B1293CAE0F00F8521E /* Views */,
				5BCF7886293BAA4000F8521E /* ViewModel */,
				5BCF7887293BAA5300F8521E /* Model */,
				5BCF7867293B955D00F8521E /* Assets.xcassets */,
				5BCF7869293B955D00F8521E /* Preview Content */,
			);
			path = "WebRTC-Demo-SwiftUI";
			sourceTree = "<group>";
		};
		5BCF7869293B955D00F8521E /* Preview Content */ = {
			isa = PBXGroup;
			children = (
				5BCF786A293B955D00F8521E /* Preview Assets.xcassets */,
			);
			path = "Preview Content";
			sourceTree = "<group>";
		};
		5BCF7886293BAA4000F8521E /* ViewModel */ = {
			isa = PBXGroup;
			children = (
				5BCF7871293B960200F8521E /* WebSocket.swift */,
				5BCF7876293B96F400F8521E /* SignalingClient.swift */,
				5BCF7880293B988500F8521E /* WebRTCClient.swift */,
				5BCF7884293B9C8A00F8521E /* ConnectionModel.swift */,
			);
			path = ViewModel;
			sourceTree = "<group>";
		};
		5BCF7887293BAA5300F8521E /* Model */ = {
			isa = PBXGroup;
			children = (
				5BCF7878293B975B00F8521E /* Message.swift */,
				5BCF787A293B979100F8521E /* RTCStates.swift */,
				5BCF787C293B97B000F8521E /* SessionDescription.swift */,
				5BCF787E293B97D100F8521E /* IceCandidate.swift */,
			);
			path = Model;
			sourceTree = "<group>";
		};
		5BCF78B1293CAE0F00F8521E /* Views */ = {
			isa = PBXGroup;
			children = (
				5BCF7865293B955C00F8521E /* ContentView.swift */,
				5BCF788A293BBCEF00F8521E /* VideoView.swift */,
				5BCF7888293BB12800F8521E /* RendererView.swift */,
			);
			path = Views;
			sourceTree = "<group>";
		};
/* End PBXGroup section */

/* Begin PBXNativeTarget section */
		5BCF785F293B955C00F8521E /* WebRTC-Demo-SwiftUI */ = {
			isa = PBXNativeTarget;
			buildConfigurationList = 5BCF786E293B955D00F8521E /* Build configuration list for PBXNativeTarget "WebRTC-Demo-SwiftUI" */;
			buildPhases = (
				5BCF785C293B955C00F8521E /* Sources */,
				5BCF785D293B955C00F8521E /* Frameworks */,
				5BCF785E293B955C00F8521E /* Resources */,
			);
			buildRules = (
			);
			dependencies = (
			);
			name = "WebRTC-Demo-SwiftUI";
			packageProductDependencies = (
				5BCF7874293B96D400F8521E /* WebRTC */,
			);
			productName = "WebRTC-Demo-SwiftUI";
			productReference = 5BCF7860293B955C00F8521E /* WebRTC-Demo-SwiftUI.app */;
			productType = "com.apple.product-type.application";
		};
/* End PBXNativeTarget section */

/* Begin PBXProject section */
		5BCF7858293B955C00F8521E /* Project object */ = {
			isa = PBXProject;
			attributes = {
				BuildIndependentTargetsInParallel = 1;
				LastSwiftUpdateCheck = 1410;
				LastUpgradeCheck = 1410;
				TargetAttributes = {
					5BCF785F293B955C00F8521E = {
						CreatedOnToolsVersion = 14.1;
					};
				};
			};
			buildConfigurationList = 5BCF785B293B955C00F8521E /* Build configuration list for PBXProject "WebRTC-Demo-SwiftUI" */;
			compatibilityVersion = "Xcode 14.0";
			developmentRegion = en;
			hasScannedForEncodings = 0;
			knownRegions = (
				en,
				Base,
			);
			mainGroup = 5BCF7857293B955C00F8521E;
			packageReferences = (
				5BCF7873293B96D400F8521E /* XCRemoteSwiftPackageReference "WebRTC" */,
			);
			productRefGroup = 5BCF7861293B955C00F8521E /* Products */;
			projectDirPath = "";
			projectRoot = "";
			targets = (
				5BCF785F293B955C00F8521E /* WebRTC-Demo-SwiftUI */,
			);
		};
/* End PBXProject section */

/* Begin PBXResourcesBuildPhase section */
		5BCF785E293B955C00F8521E /* Resources */ = {
			isa = PBXResourcesBuildPhase;
			buildActionMask = 2147483647;
			files = (
				5BCF786B293B955D00F8521E /* Preview Assets.xcassets in Resources */,
				5BCF7868293B955D00F8521E /* Assets.xcassets in Resources */,
			);
			runOnlyForDeploymentPostprocessing = 0;
		};
/* End PBXResourcesBuildPhase section */

/* Begin PBXSourcesBuildPhase section */
		5BCF785C293B955C00F8521E /* Sources */ = {
			isa = PBXSourcesBuildPhase;
			buildActionMask = 2147483647;
			files = (
				5BCF7866293B955C00F8521E /* ContentView.swift in Sources */,
				5BCF787D293B97B000F8521E /* SessionDescription.swift in Sources */,
				5BCF7872293B960200F8521E /* WebSocket.swift in Sources */,
				5BCF7889293BB12800F8521E /* RendererView.swift in Sources */,
				5BCF787F293B97D100F8521E /* IceCandidate.swift in Sources */,
				5BCF7879293B975B00F8521E /* Message.swift in Sources */,
				5BCF7881293B988500F8521E /* WebRTCClient.swift in Sources */,
				5BCF787B293B979100F8521E /* RTCStates.swift in Sources */,
				5BCF7883293B997000F8521E /* Config.swift in Sources */,
				5BCF7864293B955C00F8521E /* WebRTC_Demo_SwiftUIApp.swift in Sources */,
				5BCF7877293B96F400F8521E /* SignalingClient.swift in Sources */,
				5BCF7885293B9C8A00F8521E /* ConnectionModel.swift in Sources */,
				5BCF788B293BBCEF00F8521E /* VideoView.swift in Sources */,
			);
			runOnlyForDeploymentPostprocessing = 0;
		};
/* End PBXSourcesBuildPhase section */

/* Begin XCBuildConfiguration section */
		5BCF786C293B955D00F8521E /* Debug */ = {
			isa = XCBuildConfiguration;
			buildSettings = {
				ALWAYS_SEARCH_USER_PATHS = NO;
				CLANG_ANALYZER_NONNULL = YES;
				CLANG_ANALYZER_NUMBER_OBJECT_CONVERSION = YES_AGGRESSIVE;
				CLANG_CXX_LANGUAGE_STANDARD = "gnu++20";
				CLANG_ENABLE_MODULES = YES;
				CLANG_ENABLE_OBJC_ARC = YES;
				CLANG_ENABLE_OBJC_WEAK = YES;
				CLANG_WARN_BLOCK_CAPTURE_AUTORELEASING = YES;
				CLANG_WARN_BOOL_CONVERSION = YES;
				CLANG_WARN_COMMA = YES;
				CLANG_WARN_CONSTANT_CONVERSION = YES;
				CLANG_WARN_DEPRECATED_OBJC_IMPLEMENTATIONS = YES;
				CLANG_WARN_DIRECT_OBJC_ISA_USAGE = YES_ERROR;
				CLANG_WARN_DOCUMENTATION_COMMENTS = YES;
				CLANG_WARN_EMPTY_BODY = YES;
				CLANG_WARN_ENUM_CONVERSION = YES;
				CLANG_WARN_INFINITE_RECURSION = YES;
				CLANG_WARN_INT_CONVERSION = YES;
				CLANG_WARN_NON_LITERAL_NULL_CONVERSION = YES;
				CLANG_WARN_OBJC_IMPLICIT_RETAIN_SELF = YES;
				CLANG_WARN_OBJC_LITERAL_CONVERSION = YES;
				CLANG_WARN_OBJC_ROOT_CLASS = YES_ERROR;
				CLANG_WARN_QUOTED_INCLUDE_IN_FRAMEWORK_HEADER = YES;
				CLANG_WARN_RANGE_LOOP_ANALYSIS = YES;
				CLANG_WARN_STRICT_PROTOTYPES = YES;
				CLANG_WARN_SUSPICIOUS_MOVE = YES;
				CLANG_WARN_UNGUARDED_AVAILABILITY = YES_AGGRESSIVE;
				CLANG_WARN_UNREACHABLE_CODE = YES;
				CLANG_WARN__DUPLICATE_METHOD_MATCH = YES;
				COPY_PHASE_STRIP = NO;
				DEBUG_INFORMATION_FORMAT = dwarf;
				ENABLE_STRICT_OBJC_MSGSEND = YES;
				ENABLE_TESTABILITY = YES;
				GCC_C_LANGUAGE_STANDARD = gnu11;
				GCC_DYNAMIC_NO_PIC = NO;
				GCC_NO_COMMON_BLOCKS = YES;
				GCC_OPTIMIZATION_LEVEL = 0;
				GCC_PREPROCESSOR_DEFINITIONS = (
					"DEBUG=1",
					"$(inherited)",
				);
				GCC_WARN_64_TO_32_BIT_CONVERSION = YES;
				GCC_WARN_ABOUT_RETURN_TYPE = YES_ERROR;
				GCC_WARN_UNDECLARED_SELECTOR = YES;
				GCC_WARN_UNINITIALIZED_AUTOS = YES_AGGRESSIVE;
				GCC_WARN_UNUSED_FUNCTION = YES;
				GCC_WARN_UNUSED_VARIABLE = YES;
				IPHONEOS_DEPLOYMENT_TARGET = 16.1;
				MTL_ENABLE_DEBUG_INFO = INCLUDE_SOURCE;
				MTL_FAST_MATH = YES;
				ONLY_ACTIVE_ARCH = YES;
				SDKROOT = iphoneos;
				SWIFT_ACTIVE_COMPILATION_CONDITIONS = DEBUG;
				SWIFT_OPTIMIZATION_LEVEL = "-Onone";
			};
			name = Debug;
		};
		5BCF786D293B955D00F8521E /* Release */ = {
			isa = XCBuildConfiguration;
			buildSettings = {
				ALWAYS_SEARCH_USER_PATHS = NO;
				CLANG_ANALYZER_NONNULL = YES;
				CLANG_ANALYZER_NUMBER_OBJECT_CONVERSION = YES_AGGRESSIVE;
				CLANG_CXX_LANGUAGE_STANDARD = "gnu++20";
				CLANG_ENABLE_MODULES = YES;
				CLANG_ENABLE_OBJC_ARC = YES;
				CLANG_ENABLE_OBJC_WEAK = YES;
				CLANG_WARN_BLOCK_CAPTURE_AUTORELEASING = YES;
				CLANG_WARN_BOOL_CONVERSION = YES;
				CLANG_WARN_COMMA = YES;
				CLANG_WARN_CONSTANT_CONVERSION = YES;
				CLANG_WARN_DEPRECATED_OBJC_IMPLEMENTATIONS = YES;
				CLANG_WARN_DIRECT_OBJC_ISA_USAGE = YES_ERROR;
				CLANG_WARN_DOCUMENTATION_COMMENTS = YES;
				CLANG_WARN_EMPTY_BODY = YES;
				CLANG_WARN_ENUM_CONVERSION = YES;
				CLANG_WARN_INFINITE_RECURSION = YES;
				CLANG_WARN_INT_CONVERSION = YES;
				CLANG_WARN_NON_LITERAL_NULL_CONVERSION = YES;
				CLANG_WARN_OBJC_IMPLICIT_RETAIN_SELF = YES;
				CLANG_WARN_OBJC_LITERAL_CONVERSION = YES;
				CLANG_WARN_OBJC_ROOT_CLASS = YES_ERROR;
				CLANG_WARN_QUOTED_INCLUDE_IN_FRAMEWORK_HEADER = YES;
				CLANG_WARN_RANGE_LOOP_ANALYSIS = YES;
				CLANG_WARN_STRICT_PROTOTYPES = YES;
				CLANG_WARN_SUSPICIOUS_MOVE = YES;
				CLANG_WARN_UNGUARDED_AVAILABILITY = YES_AGGRESSIVE;
				CLANG_WARN_UNREACHABLE_CODE = YES;
				CLANG_WARN__DUPLICATE_METHOD_MATCH = YES;
				COPY_PHASE_STRIP = NO;
				DEBUG_INFORMATION_FORMAT = "dwarf-with-dsym";
				ENABLE_NS_ASSERTIONS = NO;
				ENABLE_STRICT_OBJC_MSGSEND = YES;
				GCC_C_LANGUAGE_STANDARD = gnu11;
				GCC_NO_COMMON_BLOCKS = YES;
				GCC_WARN_64_TO_32_BIT_CONVERSION = YES;
				GCC_WARN_ABOUT_RETURN_TYPE = YES_ERROR;
				GCC_WARN_UNDECLARED_SELECTOR = YES;
				GCC_WARN_UNINITIALIZED_AUTOS = YES_AGGRESSIVE;
				GCC_WARN_UNUSED_FUNCTION = YES;
				GCC_WARN_UNUSED_VARIABLE = YES;
				IPHONEOS_DEPLOYMENT_TARGET = 16.1;
				MTL_ENABLE_DEBUG_INFO = NO;
				MTL_FAST_MATH = YES;
				SDKROOT = iphoneos;
				SWIFT_COMPILATION_MODE = wholemodule;
				SWIFT_OPTIMIZATION_LEVEL = "-O";
				VALIDATE_PRODUCT = YES;
			};
			name = Release;
		};
		5BCF786F293B955D00F8521E /* Debug */ = {
			isa = XCBuildConfiguration;
			buildSettings = {
				ASSETCATALOG_COMPILER_APPICON_NAME = AppIcon;
				ASSETCATALOG_COMPILER_GLOBAL_ACCENT_COLOR_NAME = AccentColor;
				CODE_SIGN_STYLE = Automatic;
				CURRENT_PROJECT_VERSION = 1;
				DEVELOPMENT_ASSET_PATHS = "\"WebRTC-Demo-SwiftUI/Preview Content\"";
				DEVELOPMENT_TEAM = 7R349V9T6D;
				ENABLE_PREVIEWS = YES;
				GENERATE_INFOPLIST_FILE = YES;
				INFOPLIST_KEY_NSCameraUsageDescription = "Record video";
				INFOPLIST_KEY_NSMicrophoneUsageDescription = "Record video";
				INFOPLIST_KEY_UIApplicationSceneManifest_Generation = YES;
				INFOPLIST_KEY_UIApplicationSupportsIndirectInputEvents = YES;
				INFOPLIST_KEY_UILaunchScreen_Generation = YES;
				INFOPLIST_KEY_UISupportedInterfaceOrientations_iPad = "UIInterfaceOrientationPortrait UIInterfaceOrientationPortraitUpsideDown UIInterfaceOrientationLandscapeLeft UIInterfaceOrientationLandscapeRight";
				INFOPLIST_KEY_UISupportedInterfaceOrientations_iPhone = "UIInterfaceOrientationPortrait UIInterfaceOrientationLandscapeLeft UIInterfaceOrientationLandscapeRight";
				IPHONEOS_DEPLOYMENT_TARGET = 14.1;
				LD_RUNPATH_SEARCH_PATHS = (
					"$(inherited)",
					"@executable_path/Frameworks",
				);
				MARKETING_VERSION = 1.0;
				PRODUCT_BUNDLE_IDENTIFIER = "com.sreekuttan.webrtc-swiftui.WebRTC-Demo-SwiftUI";
				PRODUCT_NAME = "$(TARGET_NAME)";
				SWIFT_EMIT_LOC_STRINGS = YES;
				SWIFT_VERSION = 5.0;
				TARGETED_DEVICE_FAMILY = "1,2";
			};
			name = Debug;
		};
		5BCF7870293B955D00F8521E /* Release */ = {
			isa = XCBuildConfiguration;
			buildSettings = {
				ASSETCATALOG_COMPILER_APPICON_NAME = AppIcon;
				ASSETCATALOG_COMPILER_GLOBAL_ACCENT_COLOR_NAME = AccentColor;
				CODE_SIGN_STYLE = Automatic;
				CURRENT_PROJECT_VERSION = 1;
				DEVELOPMENT_ASSET_PATHS = "\"WebRTC-Demo-SwiftUI/Preview Content\"";
				DEVELOPMENT_TEAM = 7R349V9T6D;
				ENABLE_PREVIEWS = YES;
				GENERATE_INFOPLIST_FILE = YES;
				INFOPLIST_KEY_NSCameraUsageDescription = "Record video";
				INFOPLIST_KEY_NSMicrophoneUsageDescription = "Record video";
				INFOPLIST_KEY_UIApplicationSceneManifest_Generation = YES;
				INFOPLIST_KEY_UIApplicationSupportsIndirectInputEvents = YES;
				INFOPLIST_KEY_UILaunchScreen_Generation = YES;
				INFOPLIST_KEY_UISupportedInterfaceOrientations_iPad = "UIInterfaceOrientationPortrait UIInterfaceOrientationPortraitUpsideDown UIInterfaceOrientationLandscapeLeft UIInterfaceOrientationLandscapeRight";
				INFOPLIST_KEY_UISupportedInterfaceOrientations_iPhone = "UIInterfaceOrientationPortrait UIInterfaceOrientationLandscapeLeft UIInterfaceOrientationLandscapeRight";
				IPHONEOS_DEPLOYMENT_TARGET = 14.1;
				LD_RUNPATH_SEARCH_PATHS = (
					"$(inherited)",
					"@executable_path/Frameworks",
				);
				MARKETING_VERSION = 1.0;
				PRODUCT_BUNDLE_IDENTIFIER = "com.sreekuttan.webrtc-swiftui.WebRTC-Demo-SwiftUI";
				PRODUCT_NAME = "$(TARGET_NAME)";
				SWIFT_EMIT_LOC_STRINGS = YES;
				SWIFT_VERSION = 5.0;
				TARGETED_DEVICE_FAMILY = "1,2";
			};
			name = Release;
		};
/* End XCBuildConfiguration section */

/* Begin XCConfigurationList section */
		5BCF785B293B955C00F8521E /* Build configuration list for PBXProject "WebRTC-Demo-SwiftUI" */ = {
			isa = XCConfigurationList;
			buildConfigurations = (
				5BCF786C293B955D00F8521E /* Debug */,
				5BCF786D293B955D00F8521E /* Release */,
			);
			defaultConfigurationIsVisible = 0;
			defaultConfigurationName = Release;
		};
		5BCF786E293B955D00F8521E /* Build configuration list for PBXNativeTarget "WebRTC-Demo-SwiftUI" */ = {
			isa = XCConfigurationList;
			buildConfigurations = (
				5BCF786F293B955D00F8521E /* Debug */,
				5BCF7870293B955D00F8521E /* Release */,
			);
			defaultConfigurationIsVisible = 0;
			defaultConfigurationName = Release;
		};
/* End XCConfigurationList section */

/* Begin XCRemoteSwiftPackageReference section */
		5BCF7873293B96D400F8521E /* XCRemoteSwiftPackageReference "WebRTC" */ = {
			isa = XCRemoteSwiftPackageReference;
			repositoryURL = "https://github.com/stasel/WebRTC.git";
			requirement = {
				kind = upToNextMajorVersion;
				minimumVersion = 107.0.0;
			};
		};
/* End XCRemoteSwiftPackageReference section */

/* Begin XCSwiftPackageProductDependency section */
		5BCF7874293B96D400F8521E /* WebRTC */ = {
			isa = XCSwiftPackageProductDependency;
			package = 5BCF7873293B96D400F8521E /* XCRemoteSwiftPackageReference "WebRTC" */;
			productName = WebRTC;
		};
/* End XCSwiftPackageProductDependency section */
	};
	rootObject = 5BCF7858293B955C00F8521E /* Project object */;
}
